
Microsoft Visual Studio Solution File, Format Version 12.00
# Visual Studio Version 16
VisualStudioVersion = 16.0.32929.386
MinimumVisualStudioVersion = 10.0.40219.1
Project("{FAE04EC0-301F-11D3-BF4B-00C04F79EFBC}") = "playfair_cipher", "playfair_cipher.csproj", "{DD69551B-64C0-4389-99A0-3CF502F64FFB}"
EndProject
Global
	GlobalSection(SolutionConfigurationPlatforms) = preSolution
		Debug|Any CPU = Debug|Any CPU
		Release|Any CPU = Release|Any CPU
	EndGlobalSection
	GlobalSection(ProjectConfigurationPlatforms) = postSolution
		{DD69551B-64C0-4389-99A0-3CF502F64FFB}.Debug|Any CPU.ActiveCfg = Debug|Any CPU
		{DD69551B-64C0-4389-99A0-3CF502F64FFB}.Debug|Any CPU.Build.0 = Debug|Any CPU
		{DD69551B-64C0-4389-99A0-3CF502F64FFB}.Release|Any CPU.ActiveCfg = Release|Any CPU
		{DD69551B-64C0-4389-99A0-3CF502F64FFB}.Release|Any CPU.Build.0 = Release|Any CPU
	EndGlobalSection
	GlobalSection(SolutionProperties) = preSolution
		HideSolutionNode = FALSE
	EndGlobalSection
	GlobalSection(ExtensibilityGlobals) = postSolution
		SolutionGuid = {74FAC674-9D8F-4037-B7D6-7F7550F09F67}
	EndGlobalSection
EndGlobal
